
Microsoft Visual Studio Solution File, Format Version 12.00
# Visual Studio Version 17
VisualStudioVersion = 17.14.36603.0 d17.14
MinimumVisualStudioVersion = 10.0.40219.1
Project("{FAE04EC0-301F-11D3-BF4B-00C04F79EFBC}") = "CalcIvaWinForms", "CalcIvaWinForms\CalcIvaWinForms.csproj", "{235490D6-1D76-4360-80F6-D5B05F2770EF}"
EndProject
Global
	GlobalSection(SolutionConfigurationPlatforms) = preSolution
		Debug|Any CPU = Debug|Any CPU
		Release|Any CPU = Release|Any CPU
	EndGlobalSection
	GlobalSection(ProjectConfigurationPlatforms) = postSolution
		{235490D6-1D76-4360-80F6-D5B05F2770EF}.Debug|Any CPU.ActiveCfg = Debug|Any CPU
		{235490D6-1D76-4360-80F6-D5B05F2770EF}.Debug|Any CPU.Build.0 = Debug|Any CPU
		{235490D6-1D76-4360-80F6-D5B05F2770EF}.Release|Any CPU.ActiveCfg = Release|Any CPU
		{235490D6-1D76-4360-80F6-D5B05F2770EF}.Release|Any CPU.Build.0 = Release|Any CPU
	EndGlobalSection
	GlobalSection(SolutionProperties) = preSolution
		HideSolutionNode = FALSE
	EndGlobalSection
	GlobalSection(ExtensibilityGlobals) = postSolution
		SolutionGuid = {17D1C2F5-B4AD-4793-AA04-2321852F0FE6}
	EndGlobalSection
EndGlobal
